<?xml version="1.0" encoding="utf-8"?>
<Project ToolsVersion="16.0" xmlns="http://schemas.microsoft.com/developer/msbuild/2003">
  <ItemGroup>
    <ClCompile Include="C:\Users\lucas\Desktop\Mundo Aberto - Game Dev\ThunderPLayer\ThunderPLayer\ThunderPLayer\upbge-0.2.5b\source\blender\editors\util\ed_transverts.c">
      <Filter>Source Files</Filter>
    </ClCompile>
    <ClCompile Include="C:\Users\lucas\Desktop\Mundo Aberto - Game Dev\ThunderPLayer\ThunderPLayer\ThunderPLayer\upbge-0.2.5b\source\blender\editors\util\ed_util.c">
      <Filter>Source Files</Filter>
    </ClCompile>
    <ClCompile Include="C:\Users\lucas\Desktop\Mundo Aberto - Game Dev\ThunderPLayer\ThunderPLayer\ThunderPLayer\upbge-0.2.5b\source\blender\editors\util\numinput.c">
      <Filter>Source Files</Filter>
    </ClCompile>
  </ItemGroup>
  <ItemGroup>
    <ClInclude Include="C:\Users\lucas\Desktop\Mundo Aberto - Game Dev\ThunderPLayer\ThunderPLayer\ThunderPLayer\upbge-0.2.5b\source\blender\editors\include\BIF_gl.h">
      <Filter>Header Files</Filter>
    </ClInclude>
    <ClInclude Include="C:\Users\lucas\Desktop\Mundo Aberto - Game Dev\ThunderPLayer\ThunderPLayer\ThunderPLayer\upbge-0.2.5b\source\blender\editors\include\BIF_glutil.h">
      <Filter>Header Files</Filter>
    </ClInclude>
    <ClInclude Include="C:\Users\lucas\Desktop\Mundo Aberto - Game Dev\ThunderPLayer\ThunderPLayer\ThunderPLayer\upbge-0.2.5b\source\blender\editors\include\ED_anim_api.h">
      <Filter>Header Files</Filter>
    </ClInclude>
    <ClInclude Include="C:\Users\lucas\Desktop\Mundo Aberto - Game Dev\ThunderPLayer\ThunderPLayer\ThunderPLayer\upbge-0.2.5b\source\blender\editors\include\ED_armature.h">
      <Filter>Header Files</Filter>
    </ClInclude>
    <ClInclude Include="C:\Users\lucas\Desktop\Mundo Aberto - Game Dev\ThunderPLayer\ThunderPLayer\ThunderPLayer\upbge-0.2.5b\source\blender\editors\include\ED_buttons.h">
      <Filter>Header Files</Filter>
    </ClInclude>
    <ClInclude Include="C:\Users\lucas\Desktop\Mundo Aberto - Game Dev\ThunderPLayer\ThunderPLayer\ThunderPLayer\upbge-0.2.5b\source\blender\editors\include\ED_clip.h">
      <Filter>Header Files</Filter>
    </ClInclude>
    <ClInclude Include="C:\Users\lucas\Desktop\Mundo Aberto - Game Dev\ThunderPLayer\ThunderPLayer\ThunderPLayer\upbge-0.2.5b\source\blender\editors\include\ED_curve.h">
      <Filter>Header Files</Filter>
    </ClInclude>
    <ClInclude Include="C:\Users\lucas\Desktop\Mundo Aberto - Game Dev\ThunderPLayer\ThunderPLayer\ThunderPLayer\upbge-0.2.5b\source\blender\editors\include\ED_datafiles.h">
      <Filter>Header Files</Filter>
    </ClInclude>
    <ClInclude Include="C:\Users\lucas\Desktop\Mundo Aberto - Game Dev\ThunderPLayer\ThunderPLayer\ThunderPLayer\upbge-0.2.5b\source\blender\editors\include\ED_fileselect.h">
      <Filter>Header Files</Filter>
    </ClInclude>
    <ClInclude Include="C:\Users\lucas\Desktop\Mundo Aberto - Game Dev\ThunderPLayer\ThunderPLayer\ThunderPLayer\upbge-0.2.5b\source\blender\editors\include\ED_gpencil.h">
      <Filter>Header Files</Filter>
    </ClInclude>
    <ClInclude Include="C:\Users\lucas\Desktop\Mundo Aberto - Game Dev\ThunderPLayer\ThunderPLayer\ThunderPLayer\upbge-0.2.5b\source\blender\editors\include\ED_image.h">
      <Filter>Header Files</Filter>
    </ClInclude>
    <ClInclude Include="C:\Users\lucas\Desktop\Mundo Aberto - Game Dev\ThunderPLayer\ThunderPLayer\ThunderPLayer\upbge-0.2.5b\source\blender\editors\include\ED_info.h">
      <Filter>Header Files</Filter>
    </ClInclude>
    <ClInclude Include="C:\Users\lucas\Desktop\Mundo Aberto - Game Dev\ThunderPLayer\ThunderPLayer\ThunderPLayer\upbge-0.2.5b\source\blender\editors\include\ED_keyframes_draw.h">
      <Filter>Header Files</Filter>
    </ClInclude>
    <ClInclude Include="C:\Users\lucas\Desktop\Mundo Aberto - Game Dev\ThunderPLayer\ThunderPLayer\ThunderPLayer\upbge-0.2.5b\source\blender\editors\include\ED_keyframes_edit.h">
      <Filter>Header Files</Filter>
    </ClInclude>
    <ClInclude Include="C:\Users\lucas\Desktop\Mundo Aberto - Game Dev\ThunderPLayer\ThunderPLayer\ThunderPLayer\upbge-0.2.5b\source\blender\editors\include\ED_keyframing.h">
      <Filter>Header Files</Filter>
    </ClInclude>
    <ClInclude Include="C:\Users\lucas\Desktop\Mundo Aberto - Game Dev\ThunderPLayer\ThunderPLayer\ThunderPLayer\upbge-0.2.5b\source\blender\editors\include\ED_lattice.h">
      <Filter>Header Files</Filter>
    </ClInclude>
    <ClInclude Include="C:\Users\lucas\Desktop\Mundo Aberto - Game Dev\ThunderPLayer\ThunderPLayer\ThunderPLayer\upbge-0.2.5b\source\blender\editors\include\ED_logic.h">
      <Filter>Header Files</Filter>
    </ClInclude>
    <ClInclude Include="C:\Users\lucas\Desktop\Mundo Aberto - Game Dev\ThunderPLayer\ThunderPLayer\ThunderPLayer\upbge-0.2.5b\source\blender\editors\include\ED_markers.h">
      <Filter>Header Files</Filter>
    </ClInclude>
    <ClInclude Include="C:\Users\lucas\Desktop\Mundo Aberto - Game Dev\ThunderPLayer\ThunderPLayer\ThunderPLayer\upbge-0.2.5b\source\blender\editors\include\ED_mask.h">
      <Filter>Header Files</Filter>
    </ClInclude>
    <ClInclude Include="C:\Users\lucas\Desktop\Mundo Aberto - Game Dev\ThunderPLayer\ThunderPLayer\ThunderPLayer\upbge-0.2.5b\source\blender\editors\include\ED_mball.h">
      <Filter>Header Files</Filter>
    </ClInclude>
    <ClInclude Include="C:\Users\lucas\Desktop\Mundo Aberto - Game Dev\ThunderPLayer\ThunderPLayer\ThunderPLayer\upbge-0.2.5b\source\blender\editors\include\ED_mesh.h">
      <Filter>Header Files</Filter>
    </ClInclude>
    <ClInclude Include="C:\Users\lucas\Desktop\Mundo Aberto - Game Dev\ThunderPLayer\ThunderPLayer\ThunderPLayer\upbge-0.2.5b\source\blender\editors\include\ED_node.h">
      <Filter>Header Files</Filter>
    </ClInclude>
    <ClInclude Include="C:\Users\lucas\Desktop\Mundo Aberto - Game Dev\ThunderPLayer\ThunderPLayer\ThunderPLayer\upbge-0.2.5b\source\blender\editors\include\ED_numinput.h">
      <Filter>Header Files</Filter>
    </ClInclude>
    <ClInclude Include="C:\Users\lucas\Desktop\Mundo Aberto - Game Dev\ThunderPLayer\ThunderPLayer\ThunderPLayer\upbge-0.2.5b\source\blender\editors\include\ED_object.h">
      <Filter>Header Files</Filter>
    </ClInclude>
    <ClInclude Include="C:\Users\lucas\Desktop\Mundo Aberto - Game Dev\ThunderPLayer\ThunderPLayer\ThunderPLayer\upbge-0.2.5b\source\blender\editors\include\ED_outliner.h">
      <Filter>Header Files</Filter>
    </ClInclude>
    <ClInclude Include="C:\Users\lucas\Desktop\Mundo Aberto - Game Dev\ThunderPLayer\ThunderPLayer\ThunderPLayer\upbge-0.2.5b\source\blender\editors\include\ED_paint.h">
      <Filter>Header Files</Filter>
    </ClInclude>
    <ClInclude Include="C:\Users\lucas\Desktop\Mundo Aberto - Game Dev\ThunderPLayer\ThunderPLayer\ThunderPLayer\upbge-0.2.5b\source\blender\editors\include\ED_particle.h">
      <Filter>Header Files</Filter>
    </ClInclude>
    <ClInclude Include="C:\Users\lucas\Desktop\Mundo Aberto - Game Dev\ThunderPLayer\ThunderPLayer\ThunderPLayer\upbge-0.2.5b\source\blender\editors\include\ED_physics.h">
      <Filter>Header Files</Filter>
    </ClInclude>
    <ClInclude Include="C:\Users\lucas\Desktop\Mundo Aberto - Game Dev\ThunderPLayer\ThunderPLayer\ThunderPLayer\upbge-0.2.5b\source\blender\editors\include\ED_render.h">
      <Filter>Header Files</Filter>
    </ClInclude>
    <ClInclude Include="C:\Users\lucas\Desktop\Mundo Aberto - Game Dev\ThunderPLayer\ThunderPLayer\ThunderPLayer\upbge-0.2.5b\source\blender\editors\include\ED_screen.h">
      <Filter>Header Files</Filter>
    </ClInclude>
    <ClInclude Include="C:\Users\lucas\Desktop\Mundo Aberto - Game Dev\ThunderPLayer\ThunderPLayer\ThunderPLayer\upbge-0.2.5b\source\blender\editors\include\ED_screen_types.h">
      <Filter>Header Files</Filter>
    </ClInclude>
    <ClInclude Include="C:\Users\lucas\Desktop\Mundo Aberto - Game Dev\ThunderPLayer\ThunderPLayer\ThunderPLayer\upbge-0.2.5b\source\blender\editors\include\ED_sculpt.h">
      <Filter>Header Files</Filter>
    </ClInclude>
    <ClInclude Include="C:\Users\lucas\Desktop\Mundo Aberto - Game Dev\ThunderPLayer\ThunderPLayer\ThunderPLayer\upbge-0.2.5b\source\blender\editors\include\ED_sequencer.h">
      <Filter>Header Files</Filter>
    </ClInclude>
    <ClInclude Include="C:\Users\lucas\Desktop\Mundo Aberto - Game Dev\ThunderPLayer\ThunderPLayer\ThunderPLayer\upbge-0.2.5b\source\blender\editors\include\ED_sound.h">
      <Filter>Header Files</Filter>
    </ClInclude>
    <ClInclude Include="C:\Users\lucas\Desktop\Mundo Aberto - Game Dev\ThunderPLayer\ThunderPLayer\ThunderPLayer\upbge-0.2.5b\source\blender\editors\include\ED_space_api.h">
      <Filter>Header Files</Filter>
    </ClInclude>
    <ClInclude Include="C:\Users\lucas\Desktop\Mundo Aberto - Game Dev\ThunderPLayer\ThunderPLayer\ThunderPLayer\upbge-0.2.5b\source\blender\editors\include\ED_text.h">
      <Filter>Header Files</Filter>
    </ClInclude>
    <ClInclude Include="C:\Users\lucas\Desktop\Mundo Aberto - Game Dev\ThunderPLayer\ThunderPLayer\ThunderPLayer\upbge-0.2.5b\source\blender\editors\include\ED_transform.h">
      <Filter>Header Files</Filter>
    </ClInclude>
    <ClInclude Include="C:\Users\lucas\Desktop\Mundo Aberto - Game Dev\ThunderPLayer\ThunderPLayer\ThunderPLayer\upbge-0.2.5b\source\blender\editors\include\ED_transform_snap_object_context.h">
      <Filter>Header Files</Filter>
    </ClInclude>
    <ClInclude Include="C:\Users\lucas\Desktop\Mundo Aberto - Game Dev\ThunderPLayer\ThunderPLayer\ThunderPLayer\upbge-0.2.5b\source\blender\editors\include\ED_transverts.h">
      <Filter>Header Files</Filter>
    </ClInclude>
    <ClInclude Include="C:\Users\lucas\Desktop\Mundo Aberto - Game Dev\ThunderPLayer\ThunderPLayer\ThunderPLayer\upbge-0.2.5b\source\blender\editors\include\ED_types.h">
      <Filter>Header Files</Filter>
    </ClInclude>
    <ClInclude Include="C:\Users\lucas\Desktop\Mundo Aberto - Game Dev\ThunderPLayer\ThunderPLayer\ThunderPLayer\upbge-0.2.5b\source\blender\editors\include\ED_undo.h">
      <Filter>Header Files</Filter>
    </ClInclude>
    <ClInclude Include="C:\Users\lucas\Desktop\Mundo Aberto - Game Dev\ThunderPLayer\ThunderPLayer\ThunderPLayer\upbge-0.2.5b\source\blender\editors\include\ED_util.h">
      <Filter>Header Files</Filter>
    </ClInclude>
    <ClInclude Include="C:\Users\lucas\Desktop\Mundo Aberto - Game Dev\ThunderPLayer\ThunderPLayer\ThunderPLayer\upbge-0.2.5b\source\blender\editors\include\ED_uvedit.h">
      <Filter>Header Files</Filter>
    </ClInclude>
    <ClInclude Include="C:\Users\lucas\Desktop\Mundo Aberto - Game Dev\ThunderPLayer\ThunderPLayer\ThunderPLayer\upbge-0.2.5b\source\blender\editors\include\ED_view3d.h">
      <Filter>Header Files</Filter>
    </ClInclude>
    <ClInclude Include="C:\Users\lucas\Desktop\Mundo Aberto - Game Dev\ThunderPLayer\ThunderPLayer\ThunderPLayer\upbge-0.2.5b\source\blender\editors\include\UI_icons.h">
      <Filter>Header Files</Filter>
    </ClInclude>
    <ClInclude Include="C:\Users\lucas\Desktop\Mundo Aberto - Game Dev\ThunderPLayer\ThunderPLayer\ThunderPLayer\upbge-0.2.5b\source\blender\editors\include\UI_interface.h">
      <Filter>Header Files</Filter>
    </ClInclude>
    <ClInclude Include="C:\Users\lucas\Desktop\Mundo Aberto - Game Dev\ThunderPLayer\ThunderPLayer\ThunderPLayer\upbge-0.2.5b\source\blender\editors\include\UI_interface_icons.h">
      <Filter>Header Files</Filter>
    </ClInclude>
    <ClInclude Include="C:\Users\lucas\Desktop\Mundo Aberto - Game Dev\ThunderPLayer\ThunderPLayer\ThunderPLayer\upbge-0.2.5b\source\blender\editors\include\UI_resources.h">
      <Filter>Header Files</Filter>
    </ClInclude>
    <ClInclude Include="C:\Users\lucas\Desktop\Mundo Aberto - Game Dev\ThunderPLayer\ThunderPLayer\ThunderPLayer\upbge-0.2.5b\source\blender\editors\include\UI_view2d.h">
      <Filter>Header Files</Filter>
    </ClInclude>
  </ItemGroup>
  <ItemGroup>
    <CustomBuild Include="C:\Users\lucas\Desktop\Mundo Aberto - Game Dev\ThunderPLayer\ThunderPLayer\ThunderPLayer\upbge-0.2.5b\source\blender\editors\util\CMakeLists.txt">
      <Filter>Source Files</Filter>
    </CustomBuild>
  </ItemGroup>
  <ItemGroup>
    <Filter Include="Header Files">
      <UniqueIdentifier>{F26A8962-7912-35F3-8F46-3AFC8A675E9E}</UniqueIdentifier>
    </Filter>
    <Filter Include="Source Files">
      <UniqueIdentifier>{F1FC64B4-9CC5-353F-BE8D-3DBCF109456F}</UniqueIdentifier>
    </Filter>
  </ItemGroup>
</Project>
