<?xml version="1.0" encoding="utf-8"?>
<Project ToolsVersion="16.0" xmlns="http://schemas.microsoft.com/developer/msbuild/2003">
  <ItemGroup>
    <ClCompile Include="C:\Users\lucas\Desktop\Mundo Aberto - Game Dev\ThunderPLayer\ThunderPLayer\ThunderPLayer\upbge-0.2.5b\source\blender\imbuf\intern\allocimbuf.c">
      <Filter>Source Files</Filter>
    </ClCompile>
    <ClCompile Include="C:\Users\lucas\Desktop\Mundo Aberto - Game Dev\ThunderPLayer\ThunderPLayer\ThunderPLayer\upbge-0.2.5b\source\blender\imbuf\intern\anim_movie.c">
      <Filter>Source Files</Filter>
    </ClCompile>
    <ClCompile Include="C:\Users\lucas\Desktop\Mundo Aberto - Game Dev\ThunderPLayer\ThunderPLayer\ThunderPLayer\upbge-0.2.5b\source\blender\imbuf\intern\bmp.c">
      <Filter>Source Files</Filter>
    </ClCompile>
    <ClCompile Include="C:\Users\lucas\Desktop\Mundo Aberto - Game Dev\ThunderPLayer\ThunderPLayer\ThunderPLayer\upbge-0.2.5b\source\blender\imbuf\intern\cache.c">
      <Filter>Source Files</Filter>
    </ClCompile>
    <ClCompile Include="C:\Users\lucas\Desktop\Mundo Aberto - Game Dev\ThunderPLayer\ThunderPLayer\ThunderPLayer\upbge-0.2.5b\source\blender\imbuf\intern\colormanagement.c">
      <Filter>Source Files</Filter>
    </ClCompile>
    <ClCompile Include="C:\Users\lucas\Desktop\Mundo Aberto - Game Dev\ThunderPLayer\ThunderPLayer\ThunderPLayer\upbge-0.2.5b\source\blender\imbuf\intern\divers.c">
      <Filter>Source Files</Filter>
    </ClCompile>
    <ClCompile Include="C:\Users\lucas\Desktop\Mundo Aberto - Game Dev\ThunderPLayer\ThunderPLayer\ThunderPLayer\upbge-0.2.5b\source\blender\imbuf\intern\filetype.c">
      <Filter>Source Files</Filter>
    </ClCompile>
    <ClCompile Include="C:\Users\lucas\Desktop\Mundo Aberto - Game Dev\ThunderPLayer\ThunderPLayer\ThunderPLayer\upbge-0.2.5b\source\blender\imbuf\intern\filter.c">
      <Filter>Source Files</Filter>
    </ClCompile>
    <ClCompile Include="C:\Users\lucas\Desktop\Mundo Aberto - Game Dev\ThunderPLayer\ThunderPLayer\ThunderPLayer\upbge-0.2.5b\source\blender\imbuf\intern\imageprocess.c">
      <Filter>Source Files</Filter>
    </ClCompile>
    <ClCompile Include="C:\Users\lucas\Desktop\Mundo Aberto - Game Dev\ThunderPLayer\ThunderPLayer\ThunderPLayer\upbge-0.2.5b\source\blender\imbuf\intern\indexer.c">
      <Filter>Source Files</Filter>
    </ClCompile>
    <ClCompile Include="C:\Users\lucas\Desktop\Mundo Aberto - Game Dev\ThunderPLayer\ThunderPLayer\ThunderPLayer\upbge-0.2.5b\source\blender\imbuf\intern\iris.c">
      <Filter>Source Files</Filter>
    </ClCompile>
    <ClCompile Include="C:\Users\lucas\Desktop\Mundo Aberto - Game Dev\ThunderPLayer\ThunderPLayer\ThunderPLayer\upbge-0.2.5b\source\blender\imbuf\intern\jpeg.c">
      <Filter>Source Files</Filter>
    </ClCompile>
    <ClCompile Include="C:\Users\lucas\Desktop\Mundo Aberto - Game Dev\ThunderPLayer\ThunderPLayer\ThunderPLayer\upbge-0.2.5b\source\blender\imbuf\intern\metadata.c">
      <Filter>Source Files</Filter>
    </ClCompile>
    <ClCompile Include="C:\Users\lucas\Desktop\Mundo Aberto - Game Dev\ThunderPLayer\ThunderPLayer\ThunderPLayer\upbge-0.2.5b\source\blender\imbuf\intern\module.c">
      <Filter>Source Files</Filter>
    </ClCompile>
    <ClCompile Include="C:\Users\lucas\Desktop\Mundo Aberto - Game Dev\ThunderPLayer\ThunderPLayer\ThunderPLayer\upbge-0.2.5b\source\blender\imbuf\intern\moviecache.c">
      <Filter>Source Files</Filter>
    </ClCompile>
    <ClCompile Include="C:\Users\lucas\Desktop\Mundo Aberto - Game Dev\ThunderPLayer\ThunderPLayer\ThunderPLayer\upbge-0.2.5b\source\blender\imbuf\intern\png.c">
      <Filter>Source Files</Filter>
    </ClCompile>
    <ClCompile Include="C:\Users\lucas\Desktop\Mundo Aberto - Game Dev\ThunderPLayer\ThunderPLayer\ThunderPLayer\upbge-0.2.5b\source\blender\imbuf\intern\readimage.c">
      <Filter>Source Files</Filter>
    </ClCompile>
    <ClCompile Include="C:\Users\lucas\Desktop\Mundo Aberto - Game Dev\ThunderPLayer\ThunderPLayer\ThunderPLayer\upbge-0.2.5b\source\blender\imbuf\intern\rectop.c">
      <Filter>Source Files</Filter>
    </ClCompile>
    <ClCompile Include="C:\Users\lucas\Desktop\Mundo Aberto - Game Dev\ThunderPLayer\ThunderPLayer\ThunderPLayer\upbge-0.2.5b\source\blender\imbuf\intern\rotate.c">
      <Filter>Source Files</Filter>
    </ClCompile>
    <ClCompile Include="C:\Users\lucas\Desktop\Mundo Aberto - Game Dev\ThunderPLayer\ThunderPLayer\ThunderPLayer\upbge-0.2.5b\source\blender\imbuf\intern\scaling.c">
      <Filter>Source Files</Filter>
    </ClCompile>
    <ClCompile Include="C:\Users\lucas\Desktop\Mundo Aberto - Game Dev\ThunderPLayer\ThunderPLayer\ThunderPLayer\upbge-0.2.5b\source\blender\imbuf\intern\stereoimbuf.c">
      <Filter>Source Files</Filter>
    </ClCompile>
    <ClCompile Include="C:\Users\lucas\Desktop\Mundo Aberto - Game Dev\ThunderPLayer\ThunderPLayer\ThunderPLayer\upbge-0.2.5b\source\blender\imbuf\intern\targa.c">
      <Filter>Source Files</Filter>
    </ClCompile>
    <ClCompile Include="C:\Users\lucas\Desktop\Mundo Aberto - Game Dev\ThunderPLayer\ThunderPLayer\ThunderPLayer\upbge-0.2.5b\source\blender\imbuf\intern\thumbs.c">
      <Filter>Source Files</Filter>
    </ClCompile>
    <ClCompile Include="C:\Users\lucas\Desktop\Mundo Aberto - Game Dev\ThunderPLayer\ThunderPLayer\ThunderPLayer\upbge-0.2.5b\source\blender\imbuf\intern\thumbs_blend.c">
      <Filter>Source Files</Filter>
    </ClCompile>
    <ClCompile Include="C:\Users\lucas\Desktop\Mundo Aberto - Game Dev\ThunderPLayer\ThunderPLayer\ThunderPLayer\upbge-0.2.5b\source\blender\imbuf\intern\thumbs_font.c">
      <Filter>Source Files</Filter>
    </ClCompile>
    <ClCompile Include="C:\Users\lucas\Desktop\Mundo Aberto - Game Dev\ThunderPLayer\ThunderPLayer\ThunderPLayer\upbge-0.2.5b\source\blender\imbuf\intern\util.c">
      <Filter>Source Files</Filter>
    </ClCompile>
    <ClCompile Include="C:\Users\lucas\Desktop\Mundo Aberto - Game Dev\ThunderPLayer\ThunderPLayer\ThunderPLayer\upbge-0.2.5b\source\blender\imbuf\intern\writeimage.c">
      <Filter>Source Files</Filter>
    </ClCompile>
    <ClCompile Include="C:\Users\lucas\Desktop\Mundo Aberto - Game Dev\ThunderPLayer\ThunderPLayer\ThunderPLayer\upbge-0.2.5b\source\blender\imbuf\intern\tiff.c">
      <Filter>Source Files</Filter>
    </ClCompile>
    <ClCompile Include="C:\Users\lucas\Desktop\Mundo Aberto - Game Dev\ThunderPLayer\ThunderPLayer\ThunderPLayer\upbge-0.2.5b\source\blender\imbuf\intern\jp2.c">
      <Filter>Source Files</Filter>
    </ClCompile>
    <ClCompile Include="C:\Users\lucas\Desktop\Mundo Aberto - Game Dev\ThunderPLayer\ThunderPLayer\ThunderPLayer\upbge-0.2.5b\source\blender\imbuf\intern\radiance_hdr.c">
      <Filter>Source Files</Filter>
    </ClCompile>
  </ItemGroup>
  <ItemGroup>
    <ClInclude Include="C:\Users\lucas\Desktop\Mundo Aberto - Game Dev\ThunderPLayer\ThunderPLayer\ThunderPLayer\upbge-0.2.5b\source\blender\imbuf\intern\colormanagement_inline.c">
      <Filter>Source Files</Filter>
    </ClInclude>
    <ClInclude Include="C:\Users\lucas\Desktop\Mundo Aberto - Game Dev\ThunderPLayer\ThunderPLayer\ThunderPLayer\upbge-0.2.5b\source\blender\imbuf\IMB_colormanagement.h">
      <Filter>Header Files</Filter>
    </ClInclude>
    <ClInclude Include="C:\Users\lucas\Desktop\Mundo Aberto - Game Dev\ThunderPLayer\ThunderPLayer\ThunderPLayer\upbge-0.2.5b\source\blender\imbuf\IMB_imbuf.h">
      <Filter>Header Files</Filter>
    </ClInclude>
    <ClInclude Include="C:\Users\lucas\Desktop\Mundo Aberto - Game Dev\ThunderPLayer\ThunderPLayer\ThunderPLayer\upbge-0.2.5b\source\blender\imbuf\IMB_imbuf_types.h">
      <Filter>Header Files</Filter>
    </ClInclude>
    <ClInclude Include="C:\Users\lucas\Desktop\Mundo Aberto - Game Dev\ThunderPLayer\ThunderPLayer\ThunderPLayer\upbge-0.2.5b\source\blender\imbuf\IMB_metadata.h">
      <Filter>Header Files</Filter>
    </ClInclude>
    <ClInclude Include="C:\Users\lucas\Desktop\Mundo Aberto - Game Dev\ThunderPLayer\ThunderPLayer\ThunderPLayer\upbge-0.2.5b\source\blender\imbuf\IMB_moviecache.h">
      <Filter>Header Files</Filter>
    </ClInclude>
    <ClInclude Include="C:\Users\lucas\Desktop\Mundo Aberto - Game Dev\ThunderPLayer\ThunderPLayer\ThunderPLayer\upbge-0.2.5b\source\blender\imbuf\IMB_thumbs.h">
      <Filter>Header Files</Filter>
    </ClInclude>
    <ClInclude Include="C:\Users\lucas\Desktop\Mundo Aberto - Game Dev\ThunderPLayer\ThunderPLayer\ThunderPLayer\upbge-0.2.5b\source\blender\imbuf\intern\IMB_allocimbuf.h">
      <Filter>Header Files</Filter>
    </ClInclude>
    <ClInclude Include="C:\Users\lucas\Desktop\Mundo Aberto - Game Dev\ThunderPLayer\ThunderPLayer\ThunderPLayer\upbge-0.2.5b\source\blender\imbuf\intern\IMB_anim.h">
      <Filter>Header Files</Filter>
    </ClInclude>
    <ClInclude Include="C:\Users\lucas\Desktop\Mundo Aberto - Game Dev\ThunderPLayer\ThunderPLayer\ThunderPLayer\upbge-0.2.5b\source\blender\imbuf\intern\IMB_colormanagement_intern.h">
      <Filter>Header Files</Filter>
    </ClInclude>
    <ClInclude Include="C:\Users\lucas\Desktop\Mundo Aberto - Game Dev\ThunderPLayer\ThunderPLayer\ThunderPLayer\upbge-0.2.5b\source\blender\imbuf\intern\IMB_filetype.h">
      <Filter>Header Files</Filter>
    </ClInclude>
    <ClInclude Include="C:\Users\lucas\Desktop\Mundo Aberto - Game Dev\ThunderPLayer\ThunderPLayer\ThunderPLayer\upbge-0.2.5b\source\blender\imbuf\intern\IMB_filter.h">
      <Filter>Header Files</Filter>
    </ClInclude>
    <ClInclude Include="C:\Users\lucas\Desktop\Mundo Aberto - Game Dev\ThunderPLayer\ThunderPLayer\ThunderPLayer\upbge-0.2.5b\source\blender\imbuf\intern\IMB_indexer.h">
      <Filter>Header Files</Filter>
    </ClInclude>
    <ClInclude Include="C:\Users\lucas\Desktop\Mundo Aberto - Game Dev\ThunderPLayer\ThunderPLayer\ThunderPLayer\upbge-0.2.5b\source\blender\imbuf\intern\imbuf.h">
      <Filter>Header Files</Filter>
    </ClInclude>
    <ClInclude Include="C:\Users\lucas\Desktop\Mundo Aberto - Game Dev\ThunderPLayer\ThunderPLayer\ThunderPLayer\upbge-0.2.5b\intern\ffmpeg\ffmpeg_compat.h">
      <Filter>Header Files</Filter>
    </ClInclude>
  </ItemGroup>
  <ItemGroup>
    <CustomBuild Include="C:\Users\lucas\Desktop\Mundo Aberto - Game Dev\ThunderPLayer\ThunderPLayer\ThunderPLayer\upbge-0.2.5b\source\blender\imbuf\CMakeLists.txt">
      <Filter>Source Files</Filter>
    </CustomBuild>
  </ItemGroup>
  <ItemGroup>
    <Filter Include="Header Files">
      <UniqueIdentifier>{F26A8962-7912-35F3-8F46-3AFC8A675E9E}</UniqueIdentifier>
    </Filter>
    <Filter Include="Source Files">
      <UniqueIdentifier>{F1FC64B4-9CC5-353F-BE8D-3DBCF109456F}</UniqueIdentifier>
    </Filter>
  </ItemGroup>
</Project>
