<?xml version="1.0" encoding="utf-8"?>
<Project ToolsVersion="16.0" xmlns="http://schemas.microsoft.com/developer/msbuild/2003">
  <ItemGroup>
    <ClCompile Include="C:\Users\lucas\Desktop\Mundo Aberto - Game Dev\ThunderPLayer\ThunderPLayer\ThunderPLayer\upbge-0.2.5b\source\gameengine\Rasterizer\RAS_2DFilter.cpp">
      <Filter>Source Files</Filter>
    </ClCompile>
    <ClCompile Include="C:\Users\lucas\Desktop\Mundo Aberto - Game Dev\ThunderPLayer\ThunderPLayer\ThunderPLayer\upbge-0.2.5b\source\gameengine\Rasterizer\RAS_2DFilterData.cpp">
      <Filter>Source Files</Filter>
    </ClCompile>
    <ClCompile Include="C:\Users\lucas\Desktop\Mundo Aberto - Game Dev\ThunderPLayer\ThunderPLayer\ThunderPLayer\upbge-0.2.5b\source\gameengine\Rasterizer\RAS_2DFilterManager.cpp">
      <Filter>Source Files</Filter>
    </ClCompile>
    <ClCompile Include="C:\Users\lucas\Desktop\Mundo Aberto - Game Dev\ThunderPLayer\ThunderPLayer\ThunderPLayer\upbge-0.2.5b\source\gameengine\Rasterizer\RAS_2DFilterOffScreen.cpp">
      <Filter>Source Files</Filter>
    </ClCompile>
    <ClCompile Include="C:\Users\lucas\Desktop\Mundo Aberto - Game Dev\ThunderPLayer\ThunderPLayer\ThunderPLayer\upbge-0.2.5b\source\gameengine\Rasterizer\RAS_AttributeArray.cpp">
      <Filter>Source Files</Filter>
    </ClCompile>
    <ClCompile Include="C:\Users\lucas\Desktop\Mundo Aberto - Game Dev\ThunderPLayer\ThunderPLayer\ThunderPLayer\upbge-0.2.5b\source\gameengine\Rasterizer\RAS_AttributeArrayStorage.cpp">
      <Filter>Source Files</Filter>
    </ClCompile>
    <ClCompile Include="C:\Users\lucas\Desktop\Mundo Aberto - Game Dev\ThunderPLayer\ThunderPLayer\ThunderPLayer\upbge-0.2.5b\source\gameengine\Rasterizer\RAS_BatchDisplayArray.cpp">
      <Filter>Source Files</Filter>
    </ClCompile>
    <ClCompile Include="C:\Users\lucas\Desktop\Mundo Aberto - Game Dev\ThunderPLayer\ThunderPLayer\ThunderPLayer\upbge-0.2.5b\source\gameengine\Rasterizer\RAS_BatchGroup.cpp">
      <Filter>Source Files</Filter>
    </ClCompile>
    <ClCompile Include="C:\Users\lucas\Desktop\Mundo Aberto - Game Dev\ThunderPLayer\ThunderPLayer\ThunderPLayer\upbge-0.2.5b\source\gameengine\Rasterizer\RAS_BoundingBox.cpp">
      <Filter>Source Files</Filter>
    </ClCompile>
    <ClCompile Include="C:\Users\lucas\Desktop\Mundo Aberto - Game Dev\ThunderPLayer\ThunderPLayer\ThunderPLayer\upbge-0.2.5b\source\gameengine\Rasterizer\RAS_BoundingBoxManager.cpp">
      <Filter>Source Files</Filter>
    </ClCompile>
    <ClCompile Include="C:\Users\lucas\Desktop\Mundo Aberto - Game Dev\ThunderPLayer\ThunderPLayer\ThunderPLayer\upbge-0.2.5b\source\gameengine\Rasterizer\RAS_BucketManager.cpp">
      <Filter>Source Files</Filter>
    </ClCompile>
    <ClCompile Include="C:\Users\lucas\Desktop\Mundo Aberto - Game Dev\ThunderPLayer\ThunderPLayer\ThunderPLayer\upbge-0.2.5b\source\gameengine\Rasterizer\RAS_DebugDraw.cpp">
      <Filter>Source Files</Filter>
    </ClCompile>
    <ClCompile Include="C:\Users\lucas\Desktop\Mundo Aberto - Game Dev\ThunderPLayer\ThunderPLayer\ThunderPLayer\upbge-0.2.5b\source\gameengine\Rasterizer\RAS_Deformer.cpp">
      <Filter>Source Files</Filter>
    </ClCompile>
    <ClCompile Include="C:\Users\lucas\Desktop\Mundo Aberto - Game Dev\ThunderPLayer\ThunderPLayer\ThunderPLayer\upbge-0.2.5b\source\gameengine\Rasterizer\RAS_DisplayArray.cpp">
      <Filter>Source Files</Filter>
    </ClCompile>
    <ClCompile Include="C:\Users\lucas\Desktop\Mundo Aberto - Game Dev\ThunderPLayer\ThunderPLayer\ThunderPLayer\upbge-0.2.5b\source\gameengine\Rasterizer\RAS_DisplayArrayBucket.cpp">
      <Filter>Source Files</Filter>
    </ClCompile>
    <ClCompile Include="C:\Users\lucas\Desktop\Mundo Aberto - Game Dev\ThunderPLayer\ThunderPLayer\ThunderPLayer\upbge-0.2.5b\source\gameengine\Rasterizer\RAS_DisplayArrayStorage.cpp">
      <Filter>Source Files</Filter>
    </ClCompile>
    <ClCompile Include="C:\Users\lucas\Desktop\Mundo Aberto - Game Dev\ThunderPLayer\ThunderPLayer\ThunderPLayer\upbge-0.2.5b\source\gameengine\Rasterizer\RAS_FramingManager.cpp">
      <Filter>Source Files</Filter>
    </ClCompile>
    <ClCompile Include="C:\Users\lucas\Desktop\Mundo Aberto - Game Dev\ThunderPLayer\ThunderPLayer\ThunderPLayer\upbge-0.2.5b\source\gameengine\Rasterizer\RAS_ICanvas.cpp">
      <Filter>Source Files</Filter>
    </ClCompile>
    <ClCompile Include="C:\Users\lucas\Desktop\Mundo Aberto - Game Dev\ThunderPLayer\ThunderPLayer\ThunderPLayer\upbge-0.2.5b\source\gameengine\Rasterizer\RAS_InstancingBuffer.cpp">
      <Filter>Source Files</Filter>
    </ClCompile>
    <ClCompile Include="C:\Users\lucas\Desktop\Mundo Aberto - Game Dev\ThunderPLayer\ThunderPLayer\ThunderPLayer\upbge-0.2.5b\source\gameengine\Rasterizer\RAS_IMaterial.cpp">
      <Filter>Source Files</Filter>
    </ClCompile>
    <ClCompile Include="C:\Users\lucas\Desktop\Mundo Aberto - Game Dev\ThunderPLayer\ThunderPLayer\ThunderPLayer\upbge-0.2.5b\source\gameengine\Rasterizer\RAS_Rasterizer.cpp">
      <Filter>Source Files</Filter>
    </ClCompile>
    <ClCompile Include="C:\Users\lucas\Desktop\Mundo Aberto - Game Dev\ThunderPLayer\ThunderPLayer\ThunderPLayer\upbge-0.2.5b\source\gameengine\Rasterizer\RAS_MaterialBucket.cpp">
      <Filter>Source Files</Filter>
    </ClCompile>
    <ClCompile Include="C:\Users\lucas\Desktop\Mundo Aberto - Game Dev\ThunderPLayer\ThunderPLayer\ThunderPLayer\upbge-0.2.5b\source\gameengine\Rasterizer\RAS_MeshMaterial.cpp">
      <Filter>Source Files</Filter>
    </ClCompile>
    <ClCompile Include="C:\Users\lucas\Desktop\Mundo Aberto - Game Dev\ThunderPLayer\ThunderPLayer\ThunderPLayer\upbge-0.2.5b\source\gameengine\Rasterizer\RAS_Mesh.cpp">
      <Filter>Source Files</Filter>
    </ClCompile>
    <ClCompile Include="C:\Users\lucas\Desktop\Mundo Aberto - Game Dev\ThunderPLayer\ThunderPLayer\ThunderPLayer\upbge-0.2.5b\source\gameengine\Rasterizer\RAS_MeshSlot.cpp">
      <Filter>Source Files</Filter>
    </ClCompile>
    <ClCompile Include="C:\Users\lucas\Desktop\Mundo Aberto - Game Dev\ThunderPLayer\ThunderPLayer\ThunderPLayer\upbge-0.2.5b\source\gameengine\Rasterizer\RAS_MeshUser.cpp">
      <Filter>Source Files</Filter>
    </ClCompile>
    <ClCompile Include="C:\Users\lucas\Desktop\Mundo Aberto - Game Dev\ThunderPLayer\ThunderPLayer\ThunderPLayer\upbge-0.2.5b\source\gameengine\Rasterizer\RAS_OffScreen.cpp">
      <Filter>Source Files</Filter>
    </ClCompile>
    <ClCompile Include="C:\Users\lucas\Desktop\Mundo Aberto - Game Dev\ThunderPLayer\ThunderPLayer\ThunderPLayer\upbge-0.2.5b\source\gameengine\Rasterizer\RAS_Query.cpp">
      <Filter>Source Files</Filter>
    </ClCompile>
    <ClCompile Include="C:\Users\lucas\Desktop\Mundo Aberto - Game Dev\ThunderPLayer\ThunderPLayer\ThunderPLayer\upbge-0.2.5b\source\gameengine\Rasterizer\RAS_Shader.cpp">
      <Filter>Source Files</Filter>
    </ClCompile>
    <ClCompile Include="C:\Users\lucas\Desktop\Mundo Aberto - Game Dev\ThunderPLayer\ThunderPLayer\ThunderPLayer\upbge-0.2.5b\source\gameengine\Rasterizer\RAS_Texture.cpp">
      <Filter>Source Files</Filter>
    </ClCompile>
    <ClCompile Include="C:\Users\lucas\Desktop\Mundo Aberto - Game Dev\ThunderPLayer\ThunderPLayer\ThunderPLayer\upbge-0.2.5b\source\gameengine\Rasterizer\RAS_TextureRenderer.cpp">
      <Filter>Source Files</Filter>
    </ClCompile>
    <ClCompile Include="C:\Users\lucas\Desktop\Mundo Aberto - Game Dev\ThunderPLayer\ThunderPLayer\ThunderPLayer\upbge-0.2.5b\source\gameengine\Rasterizer\RAS_TextUser.cpp">
      <Filter>Source Files</Filter>
    </ClCompile>
    <ClCompile Include="C:\Users\lucas\Desktop\Mundo Aberto - Game Dev\ThunderPLayer\ThunderPLayer\ThunderPLayer\upbge-0.2.5b\source\gameengine\Rasterizer\RAS_VertexInfo.cpp">
      <Filter>Source Files</Filter>
    </ClCompile>
    <ClCompile Include="C:\Users\lucas\Desktop\Mundo Aberto - Game Dev\ThunderPLayer\ThunderPLayer\ThunderPLayer\upbge-0.2.5b\build_player\source\gameengine\Rasterizer\RAS_OpenGLFilters\RAS_Blur2DFilter.glsl.c">
      <Filter>Generated</Filter>
    </ClCompile>
    <ClCompile Include="C:\Users\lucas\Desktop\Mundo Aberto - Game Dev\ThunderPLayer\ThunderPLayer\ThunderPLayer\upbge-0.2.5b\build_player\source\gameengine\Rasterizer\RAS_OpenGLFilters\RAS_Dilation2DFilter.glsl.c">
      <Filter>Generated</Filter>
    </ClCompile>
    <ClCompile Include="C:\Users\lucas\Desktop\Mundo Aberto - Game Dev\ThunderPLayer\ThunderPLayer\ThunderPLayer\upbge-0.2.5b\build_player\source\gameengine\Rasterizer\RAS_OpenGLFilters\RAS_Erosion2DFilter.glsl.c">
      <Filter>Generated</Filter>
    </ClCompile>
    <ClCompile Include="C:\Users\lucas\Desktop\Mundo Aberto - Game Dev\ThunderPLayer\ThunderPLayer\ThunderPLayer\upbge-0.2.5b\build_player\source\gameengine\Rasterizer\RAS_OpenGLFilters\RAS_Fxaa2DFilter.glsl.c">
      <Filter>Generated</Filter>
    </ClCompile>
    <ClCompile Include="C:\Users\lucas\Desktop\Mundo Aberto - Game Dev\ThunderPLayer\ThunderPLayer\ThunderPLayer\upbge-0.2.5b\build_player\source\gameengine\Rasterizer\RAS_OpenGLFilters\RAS_GrayScale2DFilter.glsl.c">
      <Filter>Generated</Filter>
    </ClCompile>
    <ClCompile Include="C:\Users\lucas\Desktop\Mundo Aberto - Game Dev\ThunderPLayer\ThunderPLayer\ThunderPLayer\upbge-0.2.5b\build_player\source\gameengine\Rasterizer\RAS_OpenGLFilters\RAS_Invert2DFilter.glsl.c">
      <Filter>Generated</Filter>
    </ClCompile>
    <ClCompile Include="C:\Users\lucas\Desktop\Mundo Aberto - Game Dev\ThunderPLayer\ThunderPLayer\ThunderPLayer\upbge-0.2.5b\build_player\source\gameengine\Rasterizer\RAS_OpenGLFilters\RAS_Laplacian2DFilter.glsl.c">
      <Filter>Generated</Filter>
    </ClCompile>
    <ClCompile Include="C:\Users\lucas\Desktop\Mundo Aberto - Game Dev\ThunderPLayer\ThunderPLayer\ThunderPLayer\upbge-0.2.5b\build_player\source\gameengine\Rasterizer\RAS_OpenGLFilters\RAS_Prewitt2DFilter.glsl.c">
      <Filter>Generated</Filter>
    </ClCompile>
    <ClCompile Include="C:\Users\lucas\Desktop\Mundo Aberto - Game Dev\ThunderPLayer\ThunderPLayer\ThunderPLayer\upbge-0.2.5b\build_player\source\gameengine\Rasterizer\RAS_OpenGLFilters\RAS_Sepia2DFilter.glsl.c">
      <Filter>Generated</Filter>
    </ClCompile>
    <ClCompile Include="C:\Users\lucas\Desktop\Mundo Aberto - Game Dev\ThunderPLayer\ThunderPLayer\ThunderPLayer\upbge-0.2.5b\build_player\source\gameengine\Rasterizer\RAS_OpenGLFilters\RAS_Sharpen2DFilter.glsl.c">
      <Filter>Generated</Filter>
    </ClCompile>
    <ClCompile Include="C:\Users\lucas\Desktop\Mundo Aberto - Game Dev\ThunderPLayer\ThunderPLayer\ThunderPLayer\upbge-0.2.5b\build_player\source\gameengine\Rasterizer\RAS_OpenGLFilters\RAS_Sobel2DFilter.glsl.c">
      <Filter>Generated</Filter>
    </ClCompile>
    <ClCompile Include="C:\Users\lucas\Desktop\Mundo Aberto - Game Dev\ThunderPLayer\ThunderPLayer\ThunderPLayer\upbge-0.2.5b\build_player\source\gameengine\Rasterizer\RAS_OpenGLFilters\RAS_VertexShader2DFilter.glsl.c">
      <Filter>Generated</Filter>
    </ClCompile>
  </ItemGroup>
  <ItemGroup>
    <ClInclude Include="C:\Users\lucas\Desktop\Mundo Aberto - Game Dev\ThunderPLayer\ThunderPLayer\ThunderPLayer\upbge-0.2.5b\source\gameengine\Rasterizer\RAS_2DFilterData.h">
      <Filter>Header Files</Filter>
    </ClInclude>
    <ClInclude Include="C:\Users\lucas\Desktop\Mundo Aberto - Game Dev\ThunderPLayer\ThunderPLayer\ThunderPLayer\upbge-0.2.5b\source\gameengine\Rasterizer\RAS_2DFilter.h">
      <Filter>Header Files</Filter>
    </ClInclude>
    <ClInclude Include="C:\Users\lucas\Desktop\Mundo Aberto - Game Dev\ThunderPLayer\ThunderPLayer\ThunderPLayer\upbge-0.2.5b\source\gameengine\Rasterizer\RAS_2DFilterManager.h">
      <Filter>Header Files</Filter>
    </ClInclude>
    <ClInclude Include="C:\Users\lucas\Desktop\Mundo Aberto - Game Dev\ThunderPLayer\ThunderPLayer\ThunderPLayer\upbge-0.2.5b\source\gameengine\Rasterizer\RAS_2DFilterOffScreen.h">
      <Filter>Header Files</Filter>
    </ClInclude>
    <ClInclude Include="C:\Users\lucas\Desktop\Mundo Aberto - Game Dev\ThunderPLayer\ThunderPLayer\ThunderPLayer\upbge-0.2.5b\source\gameengine\Rasterizer\RAS_AttributeArray.h">
      <Filter>Header Files</Filter>
    </ClInclude>
    <ClInclude Include="C:\Users\lucas\Desktop\Mundo Aberto - Game Dev\ThunderPLayer\ThunderPLayer\ThunderPLayer\upbge-0.2.5b\source\gameengine\Rasterizer\RAS_AttributeArrayStorage.h">
      <Filter>Header Files</Filter>
    </ClInclude>
    <ClInclude Include="C:\Users\lucas\Desktop\Mundo Aberto - Game Dev\ThunderPLayer\ThunderPLayer\ThunderPLayer\upbge-0.2.5b\source\gameengine\Rasterizer\RAS_BatchDisplayArray.h">
      <Filter>Header Files</Filter>
    </ClInclude>
    <ClInclude Include="C:\Users\lucas\Desktop\Mundo Aberto - Game Dev\ThunderPLayer\ThunderPLayer\ThunderPLayer\upbge-0.2.5b\source\gameengine\Rasterizer\RAS_BatchGroup.h">
      <Filter>Header Files</Filter>
    </ClInclude>
    <ClInclude Include="C:\Users\lucas\Desktop\Mundo Aberto - Game Dev\ThunderPLayer\ThunderPLayer\ThunderPLayer\upbge-0.2.5b\source\gameengine\Rasterizer\RAS_BoundingBox.h">
      <Filter>Header Files</Filter>
    </ClInclude>
    <ClInclude Include="C:\Users\lucas\Desktop\Mundo Aberto - Game Dev\ThunderPLayer\ThunderPLayer\ThunderPLayer\upbge-0.2.5b\source\gameengine\Rasterizer\RAS_BoundingBoxManager.h">
      <Filter>Header Files</Filter>
    </ClInclude>
    <ClInclude Include="C:\Users\lucas\Desktop\Mundo Aberto - Game Dev\ThunderPLayer\ThunderPLayer\ThunderPLayer\upbge-0.2.5b\source\gameengine\Rasterizer\RAS_BucketManager.h">
      <Filter>Header Files</Filter>
    </ClInclude>
    <ClInclude Include="C:\Users\lucas\Desktop\Mundo Aberto - Game Dev\ThunderPLayer\ThunderPLayer\ThunderPLayer\upbge-0.2.5b\source\gameengine\Rasterizer\RAS_CameraData.h">
      <Filter>Header Files</Filter>
    </ClInclude>
    <ClInclude Include="C:\Users\lucas\Desktop\Mundo Aberto - Game Dev\ThunderPLayer\ThunderPLayer\ThunderPLayer\upbge-0.2.5b\source\gameengine\Rasterizer\RAS_DebugDraw.h">
      <Filter>Header Files</Filter>
    </ClInclude>
    <ClInclude Include="C:\Users\lucas\Desktop\Mundo Aberto - Game Dev\ThunderPLayer\ThunderPLayer\ThunderPLayer\upbge-0.2.5b\source\gameengine\Rasterizer\RAS_Deformer.h">
      <Filter>Header Files</Filter>
    </ClInclude>
    <ClInclude Include="C:\Users\lucas\Desktop\Mundo Aberto - Game Dev\ThunderPLayer\ThunderPLayer\ThunderPLayer\upbge-0.2.5b\source\gameengine\Rasterizer\RAS_DisplayArray.h">
      <Filter>Header Files</Filter>
    </ClInclude>
    <ClInclude Include="C:\Users\lucas\Desktop\Mundo Aberto - Game Dev\ThunderPLayer\ThunderPLayer\ThunderPLayer\upbge-0.2.5b\source\gameengine\Rasterizer\RAS_DisplayArrayBucket.h">
      <Filter>Header Files</Filter>
    </ClInclude>
    <ClInclude Include="C:\Users\lucas\Desktop\Mundo Aberto - Game Dev\ThunderPLayer\ThunderPLayer\ThunderPLayer\upbge-0.2.5b\source\gameengine\Rasterizer\RAS_DisplayArrayStorage.h">
      <Filter>Header Files</Filter>
    </ClInclude>
    <ClInclude Include="C:\Users\lucas\Desktop\Mundo Aberto - Game Dev\ThunderPLayer\ThunderPLayer\ThunderPLayer\upbge-0.2.5b\source\gameengine\Rasterizer\RAS_FramingManager.h">
      <Filter>Header Files</Filter>
    </ClInclude>
    <ClInclude Include="C:\Users\lucas\Desktop\Mundo Aberto - Game Dev\ThunderPLayer\ThunderPLayer\ThunderPLayer\upbge-0.2.5b\source\gameengine\Rasterizer\RAS_ICanvas.h">
      <Filter>Header Files</Filter>
    </ClInclude>
    <ClInclude Include="C:\Users\lucas\Desktop\Mundo Aberto - Game Dev\ThunderPLayer\ThunderPLayer\ThunderPLayer\upbge-0.2.5b\source\gameengine\Rasterizer\RAS_IMaterial.h">
      <Filter>Header Files</Filter>
    </ClInclude>
    <ClInclude Include="C:\Users\lucas\Desktop\Mundo Aberto - Game Dev\ThunderPLayer\ThunderPLayer\ThunderPLayer\upbge-0.2.5b\source\gameengine\Rasterizer\RAS_Rasterizer.h">
      <Filter>Header Files</Filter>
    </ClInclude>
    <ClInclude Include="C:\Users\lucas\Desktop\Mundo Aberto - Game Dev\ThunderPLayer\ThunderPLayer\ThunderPLayer\upbge-0.2.5b\source\gameengine\Rasterizer\RAS_ILightObject.h">
      <Filter>Header Files</Filter>
    </ClInclude>
    <ClInclude Include="C:\Users\lucas\Desktop\Mundo Aberto - Game Dev\ThunderPLayer\ThunderPLayer\ThunderPLayer\upbge-0.2.5b\source\gameengine\Rasterizer\RAS_InstancingBuffer.h">
      <Filter>Header Files</Filter>
    </ClInclude>
    <ClInclude Include="C:\Users\lucas\Desktop\Mundo Aberto - Game Dev\ThunderPLayer\ThunderPLayer\ThunderPLayer\upbge-0.2.5b\source\gameengine\Rasterizer\RAS_ISync.h">
      <Filter>Header Files</Filter>
    </ClInclude>
    <ClInclude Include="C:\Users\lucas\Desktop\Mundo Aberto - Game Dev\ThunderPLayer\ThunderPLayer\ThunderPLayer\upbge-0.2.5b\source\gameengine\Rasterizer\RAS_MaterialBucket.h">
      <Filter>Header Files</Filter>
    </ClInclude>
    <ClInclude Include="C:\Users\lucas\Desktop\Mundo Aberto - Game Dev\ThunderPLayer\ThunderPLayer\ThunderPLayer\upbge-0.2.5b\source\gameengine\Rasterizer\RAS_MeshMaterial.h">
      <Filter>Header Files</Filter>
    </ClInclude>
    <ClInclude Include="C:\Users\lucas\Desktop\Mundo Aberto - Game Dev\ThunderPLayer\ThunderPLayer\ThunderPLayer\upbge-0.2.5b\source\gameengine\Rasterizer\RAS_Mesh.h">
      <Filter>Header Files</Filter>
    </ClInclude>
    <ClInclude Include="C:\Users\lucas\Desktop\Mundo Aberto - Game Dev\ThunderPLayer\ThunderPLayer\ThunderPLayer\upbge-0.2.5b\source\gameengine\Rasterizer\RAS_MeshSlot.h">
      <Filter>Header Files</Filter>
    </ClInclude>
    <ClInclude Include="C:\Users\lucas\Desktop\Mundo Aberto - Game Dev\ThunderPLayer\ThunderPLayer\ThunderPLayer\upbge-0.2.5b\source\gameengine\Rasterizer\RAS_MeshUser.h">
      <Filter>Header Files</Filter>
    </ClInclude>
    <ClInclude Include="C:\Users\lucas\Desktop\Mundo Aberto - Game Dev\ThunderPLayer\ThunderPLayer\ThunderPLayer\upbge-0.2.5b\source\gameengine\Rasterizer\RAS_OffScreen.h">
      <Filter>Header Files</Filter>
    </ClInclude>
    <ClInclude Include="C:\Users\lucas\Desktop\Mundo Aberto - Game Dev\ThunderPLayer\ThunderPLayer\ThunderPLayer\upbge-0.2.5b\source\gameengine\Rasterizer\RAS_Query.h">
      <Filter>Header Files</Filter>
    </ClInclude>
    <ClInclude Include="C:\Users\lucas\Desktop\Mundo Aberto - Game Dev\ThunderPLayer\ThunderPLayer\ThunderPLayer\upbge-0.2.5b\source\gameengine\Rasterizer\RAS_Rect.h">
      <Filter>Header Files</Filter>
    </ClInclude>
    <ClInclude Include="C:\Users\lucas\Desktop\Mundo Aberto - Game Dev\ThunderPLayer\ThunderPLayer\ThunderPLayer\upbge-0.2.5b\source\gameengine\Rasterizer\RAS_Shader.h">
      <Filter>Header Files</Filter>
    </ClInclude>
    <ClInclude Include="C:\Users\lucas\Desktop\Mundo Aberto - Game Dev\ThunderPLayer\ThunderPLayer\ThunderPLayer\upbge-0.2.5b\source\gameengine\Rasterizer\RAS_Texture.h">
      <Filter>Header Files</Filter>
    </ClInclude>
    <ClInclude Include="C:\Users\lucas\Desktop\Mundo Aberto - Game Dev\ThunderPLayer\ThunderPLayer\ThunderPLayer\upbge-0.2.5b\source\gameengine\Rasterizer\RAS_TextureRenderer.h">
      <Filter>Header Files</Filter>
    </ClInclude>
    <ClInclude Include="C:\Users\lucas\Desktop\Mundo Aberto - Game Dev\ThunderPLayer\ThunderPLayer\ThunderPLayer\upbge-0.2.5b\source\gameengine\Rasterizer\RAS_TextUser.h">
      <Filter>Header Files</Filter>
    </ClInclude>
    <ClInclude Include="C:\Users\lucas\Desktop\Mundo Aberto - Game Dev\ThunderPLayer\ThunderPLayer\ThunderPLayer\upbge-0.2.5b\source\gameengine\Rasterizer\RAS_VertexInfo.h">
      <Filter>Header Files</Filter>
    </ClInclude>
  </ItemGroup>
  <ItemGroup>
    <CustomBuild Include="C:\Users\lucas\Desktop\Mundo Aberto - Game Dev\ThunderPLayer\ThunderPLayer\ThunderPLayer\upbge-0.2.5b\build_player\CMakeFiles\cfb95b9a12c6f6c1104f6366bf672e60\RAS_Blur2DFilter.glsl.c.rule">
      <Filter>CMake Rules</Filter>
    </CustomBuild>
    <CustomBuild Include="C:\Users\lucas\Desktop\Mundo Aberto - Game Dev\ThunderPLayer\ThunderPLayer\ThunderPLayer\upbge-0.2.5b\build_player\CMakeFiles\cfb95b9a12c6f6c1104f6366bf672e60\RAS_Dilation2DFilter.glsl.c.rule">
      <Filter>CMake Rules</Filter>
    </CustomBuild>
    <CustomBuild Include="C:\Users\lucas\Desktop\Mundo Aberto - Game Dev\ThunderPLayer\ThunderPLayer\ThunderPLayer\upbge-0.2.5b\build_player\CMakeFiles\cfb95b9a12c6f6c1104f6366bf672e60\RAS_Erosion2DFilter.glsl.c.rule">
      <Filter>CMake Rules</Filter>
    </CustomBuild>
    <CustomBuild Include="C:\Users\lucas\Desktop\Mundo Aberto - Game Dev\ThunderPLayer\ThunderPLayer\ThunderPLayer\upbge-0.2.5b\build_player\CMakeFiles\cfb95b9a12c6f6c1104f6366bf672e60\RAS_Fxaa2DFilter.glsl.c.rule">
      <Filter>CMake Rules</Filter>
    </CustomBuild>
    <CustomBuild Include="C:\Users\lucas\Desktop\Mundo Aberto - Game Dev\ThunderPLayer\ThunderPLayer\ThunderPLayer\upbge-0.2.5b\build_player\CMakeFiles\cfb95b9a12c6f6c1104f6366bf672e60\RAS_GrayScale2DFilter.glsl.c.rule">
      <Filter>CMake Rules</Filter>
    </CustomBuild>
    <CustomBuild Include="C:\Users\lucas\Desktop\Mundo Aberto - Game Dev\ThunderPLayer\ThunderPLayer\ThunderPLayer\upbge-0.2.5b\build_player\CMakeFiles\cfb95b9a12c6f6c1104f6366bf672e60\RAS_Invert2DFilter.glsl.c.rule">
      <Filter>CMake Rules</Filter>
    </CustomBuild>
    <CustomBuild Include="C:\Users\lucas\Desktop\Mundo Aberto - Game Dev\ThunderPLayer\ThunderPLayer\ThunderPLayer\upbge-0.2.5b\build_player\CMakeFiles\cfb95b9a12c6f6c1104f6366bf672e60\RAS_Laplacian2DFilter.glsl.c.rule">
      <Filter>CMake Rules</Filter>
    </CustomBuild>
    <CustomBuild Include="C:\Users\lucas\Desktop\Mundo Aberto - Game Dev\ThunderPLayer\ThunderPLayer\ThunderPLayer\upbge-0.2.5b\build_player\CMakeFiles\cfb95b9a12c6f6c1104f6366bf672e60\RAS_Prewitt2DFilter.glsl.c.rule">
      <Filter>CMake Rules</Filter>
    </CustomBuild>
    <CustomBuild Include="C:\Users\lucas\Desktop\Mundo Aberto - Game Dev\ThunderPLayer\ThunderPLayer\ThunderPLayer\upbge-0.2.5b\build_player\CMakeFiles\cfb95b9a12c6f6c1104f6366bf672e60\RAS_Sepia2DFilter.glsl.c.rule">
      <Filter>CMake Rules</Filter>
    </CustomBuild>
    <CustomBuild Include="C:\Users\lucas\Desktop\Mundo Aberto - Game Dev\ThunderPLayer\ThunderPLayer\ThunderPLayer\upbge-0.2.5b\build_player\CMakeFiles\cfb95b9a12c6f6c1104f6366bf672e60\RAS_Sharpen2DFilter.glsl.c.rule">
      <Filter>CMake Rules</Filter>
    </CustomBuild>
    <CustomBuild Include="C:\Users\lucas\Desktop\Mundo Aberto - Game Dev\ThunderPLayer\ThunderPLayer\ThunderPLayer\upbge-0.2.5b\build_player\CMakeFiles\cfb95b9a12c6f6c1104f6366bf672e60\RAS_Sobel2DFilter.glsl.c.rule">
      <Filter>CMake Rules</Filter>
    </CustomBuild>
    <CustomBuild Include="C:\Users\lucas\Desktop\Mundo Aberto - Game Dev\ThunderPLayer\ThunderPLayer\ThunderPLayer\upbge-0.2.5b\build_player\CMakeFiles\cfb95b9a12c6f6c1104f6366bf672e60\RAS_VertexShader2DFilter.glsl.c.rule">
      <Filter>CMake Rules</Filter>
    </CustomBuild>
    <CustomBuild Include="C:\Users\lucas\Desktop\Mundo Aberto - Game Dev\ThunderPLayer\ThunderPLayer\ThunderPLayer\upbge-0.2.5b\source\gameengine\Rasterizer\CMakeLists.txt">
      <Filter>Source Files</Filter>
    </CustomBuild>
  </ItemGroup>
  <ItemGroup>
    <None Include="C:\Users\lucas\Desktop\Mundo Aberto - Game Dev\ThunderPLayer\ThunderPLayer\ThunderPLayer\upbge-0.2.5b\source\gameengine\Rasterizer\RAS_OpenGLFilters\RAS_Blur2DFilter.glsl">
      <Filter>Source Files</Filter>
    </None>
    <None Include="C:\Users\lucas\Desktop\Mundo Aberto - Game Dev\ThunderPLayer\ThunderPLayer\ThunderPLayer\upbge-0.2.5b\source\gameengine\Rasterizer\RAS_OpenGLFilters\RAS_Dilation2DFilter.glsl">
      <Filter>Source Files</Filter>
    </None>
    <None Include="C:\Users\lucas\Desktop\Mundo Aberto - Game Dev\ThunderPLayer\ThunderPLayer\ThunderPLayer\upbge-0.2.5b\source\gameengine\Rasterizer\RAS_OpenGLFilters\RAS_Erosion2DFilter.glsl">
      <Filter>Source Files</Filter>
    </None>
    <None Include="C:\Users\lucas\Desktop\Mundo Aberto - Game Dev\ThunderPLayer\ThunderPLayer\ThunderPLayer\upbge-0.2.5b\source\gameengine\Rasterizer\RAS_OpenGLFilters\RAS_Fxaa2DFilter.glsl">
      <Filter>Source Files</Filter>
    </None>
    <None Include="C:\Users\lucas\Desktop\Mundo Aberto - Game Dev\ThunderPLayer\ThunderPLayer\ThunderPLayer\upbge-0.2.5b\source\gameengine\Rasterizer\RAS_OpenGLFilters\RAS_GrayScale2DFilter.glsl">
      <Filter>Source Files</Filter>
    </None>
    <None Include="C:\Users\lucas\Desktop\Mundo Aberto - Game Dev\ThunderPLayer\ThunderPLayer\ThunderPLayer\upbge-0.2.5b\source\gameengine\Rasterizer\RAS_OpenGLFilters\RAS_Invert2DFilter.glsl">
      <Filter>Source Files</Filter>
    </None>
    <None Include="C:\Users\lucas\Desktop\Mundo Aberto - Game Dev\ThunderPLayer\ThunderPLayer\ThunderPLayer\upbge-0.2.5b\source\gameengine\Rasterizer\RAS_OpenGLFilters\RAS_Laplacian2DFilter.glsl">
      <Filter>Source Files</Filter>
    </None>
    <None Include="C:\Users\lucas\Desktop\Mundo Aberto - Game Dev\ThunderPLayer\ThunderPLayer\ThunderPLayer\upbge-0.2.5b\source\gameengine\Rasterizer\RAS_OpenGLFilters\RAS_Prewitt2DFilter.glsl">
      <Filter>Source Files</Filter>
    </None>
    <None Include="C:\Users\lucas\Desktop\Mundo Aberto - Game Dev\ThunderPLayer\ThunderPLayer\ThunderPLayer\upbge-0.2.5b\source\gameengine\Rasterizer\RAS_OpenGLFilters\RAS_Sepia2DFilter.glsl">
      <Filter>Source Files</Filter>
    </None>
    <None Include="C:\Users\lucas\Desktop\Mundo Aberto - Game Dev\ThunderPLayer\ThunderPLayer\ThunderPLayer\upbge-0.2.5b\source\gameengine\Rasterizer\RAS_OpenGLFilters\RAS_Sharpen2DFilter.glsl">
      <Filter>Source Files</Filter>
    </None>
    <None Include="C:\Users\lucas\Desktop\Mundo Aberto - Game Dev\ThunderPLayer\ThunderPLayer\ThunderPLayer\upbge-0.2.5b\source\gameengine\Rasterizer\RAS_OpenGLFilters\RAS_Sobel2DFilter.glsl">
      <Filter>Source Files</Filter>
    </None>
    <None Include="C:\Users\lucas\Desktop\Mundo Aberto - Game Dev\ThunderPLayer\ThunderPLayer\ThunderPLayer\upbge-0.2.5b\source\gameengine\Rasterizer\RAS_OpenGLFilters\RAS_VertexShader2DFilter.glsl">
      <Filter>Source Files</Filter>
    </None>
  </ItemGroup>
  <ItemGroup>
    <Filter Include="CMake Rules">
      <UniqueIdentifier>{620296C5-487F-343C-8084-F37B2E36E0A9}</UniqueIdentifier>
    </Filter>
    <Filter Include="Generated">
      <UniqueIdentifier>{E9A7391F-2F6A-3BA0-BB4B-4D6DC64DE100}</UniqueIdentifier>
    </Filter>
    <Filter Include="Header Files">
      <UniqueIdentifier>{F26A8962-7912-35F3-8F46-3AFC8A675E9E}</UniqueIdentifier>
    </Filter>
    <Filter Include="Source Files">
      <UniqueIdentifier>{F1FC64B4-9CC5-353F-BE8D-3DBCF109456F}</UniqueIdentifier>
    </Filter>
  </ItemGroup>
</Project>
