<?xml version="1.0" encoding="utf-8"?>
<Project ToolsVersion="16.0" xmlns="http://schemas.microsoft.com/developer/msbuild/2003">
  <ItemGroup>
    <ClCompile Include="C:\Users\lucas\Desktop\Mundo Aberto - Game Dev\ThunderPLayer\ThunderPLayer\ThunderPLayer\upbge-0.2.5b\source\creator\creator.c">
      <Filter>Source Files</Filter>
    </ClCompile>
    <ClCompile Include="C:\Users\lucas\Desktop\Mundo Aberto - Game Dev\ThunderPLayer\ThunderPLayer\ThunderPLayer\upbge-0.2.5b\source\creator\creator_args.c">
      <Filter>Source Files</Filter>
    </ClCompile>
    <ClCompile Include="C:\Users\lucas\Desktop\Mundo Aberto - Game Dev\ThunderPLayer\ThunderPLayer\ThunderPLayer\upbge-0.2.5b\source\creator\creator_signals.c">
      <Filter>Source Files</Filter>
    </ClCompile>
    <ClCompile Include="C:\Users\lucas\Desktop\Mundo Aberto - Game Dev\ThunderPLayer\ThunderPLayer\ThunderPLayer\upbge-0.2.5b\source\creator\buildinfo.c">
      <Filter>Source Files</Filter>
    </ClCompile>
  </ItemGroup>
  <ItemGroup>
    <ClInclude Include="C:\Users\lucas\Desktop\Mundo Aberto - Game Dev\ThunderPLayer\ThunderPLayer\ThunderPLayer\upbge-0.2.5b\source\creator\creator_intern.h">
      <Filter>Header Files</Filter>
    </ClInclude>
  </ItemGroup>
  <ItemGroup>
    <CustomBuild Include="C:\Users\lucas\Desktop\Mundo Aberto - Game Dev\ThunderPLayer\ThunderPLayer\ThunderPLayer\upbge-0.2.5b\source\creator\CMakeLists.txt" />
  </ItemGroup>
  <ItemGroup>
    <ResourceCompile Include="C:\Users\lucas\Desktop\Mundo Aberto - Game Dev\ThunderPLayer\ThunderPLayer\ThunderPLayer\upbge-0.2.5b\release\windows\icons\winblender.rc">
      <Filter>Source Files</Filter>
    </ResourceCompile>
  </ItemGroup>
  <ItemGroup>
    <Filter Include="Header Files">
      <UniqueIdentifier>{F26A8962-7912-35F3-8F46-3AFC8A675E9E}</UniqueIdentifier>
    </Filter>
    <Filter Include="Source Files">
      <UniqueIdentifier>{F1FC64B4-9CC5-353F-BE8D-3DBCF109456F}</UniqueIdentifier>
    </Filter>
  </ItemGroup>
</Project>
