<?xml version="1.0" encoding="utf-8"?>
<Project ToolsVersion="16.0" xmlns="http://schemas.microsoft.com/developer/msbuild/2003">
  <ItemGroup>
    <CustomBuild Include="C:\Users\lucas\Desktop\Mundo Aberto - Game Dev\ThunderPLayer\ThunderPLayer\ThunderPLayer\upbge-0.2.5b\build_player\CMakeFiles\7d8705421a1b94ed4e4e42c6e55d76ee\site-packages.rule">
      <Filter>CMake Rules</Filter>
    </CustomBuild>
    <CustomBuild Include="C:\Users\lucas\Desktop\Mundo Aberto - Game Dev\ThunderPLayer\ThunderPLayer\ThunderPLayer\upbge-0.2.5b\build_player\CMakeFiles\257513dcf67b765ef9c24c80aa5206ae\numpy.rule">
      <Filter>CMake Rules</Filter>
    </CustomBuild>
    <CustomBuild Include="C:\Users\lucas\Desktop\Mundo Aberto - Game Dev\ThunderPLayer\ThunderPLayer\ThunderPLayer\upbge-0.2.5b\build_player\CMakeFiles\7a2ac7746dfa7826239f3adc0cd4b496\python_numpy.rule">
      <Filter>CMake Rules</Filter>
    </CustomBuild>
    <CustomBuild Include="C:\Users\lucas\Desktop\Mundo Aberto - Game Dev\ThunderPLayer\ThunderPLayer\ThunderPLayer\upbge-0.2.5b\source\creator\CMakeLists.txt" />
  </ItemGroup>
  <ItemGroup>
    <None Include="C:\Users\lucas\Desktop\Mundo Aberto - Game Dev\ThunderPLayer\ThunderPLayer\ThunderPLayer\upbge-0.2.5b\build_player\source\creator\CMakeFiles\python_numpy" />
  </ItemGroup>
  <ItemGroup>
    <Filter Include="CMake Rules">
      <UniqueIdentifier>{620296C5-487F-343C-8084-F37B2E36E0A9}</UniqueIdentifier>
    </Filter>
  </ItemGroup>
</Project>
